PODS:
  - Capacitor (6.1.2):
    - CapacitorCordova
  - CapacitorCordova (6.1.2)
  - CapacitorKeyboard (6.0.2):
    - Capacitor

DEPENDENCIES:
  - "Capacitor (from `../../node_modules/@capacitor/ios`)"
  - "CapacitorCordova (from `../../node_modules/@capacitor/ios`)"
  - "CapacitorKeyboard (from `../../node_modules/@capacitor/keyboard`)"

EXTERNAL SOURCES:
  Capacitor:
    :path: "../../node_modules/@capacitor/ios"
  CapacitorCordova:
    :path: "../../node_modules/@capacitor/ios"
  CapacitorKeyboard:
    :path: "../../node_modules/@capacitor/keyboard"

SPEC CHECKSUMS:
  Capacitor: 679f9673fdf30597493a6362a5d5bf233d46abc2
  CapacitorCordova: f48c89f96c319101cd2f0ce8a2b7449b5fb8b3dd
  CapacitorKeyboard: 2700f9b18687be021e28b5a09b59eb151a46d5e0

PODFILE CHECKSUM: a1a5421ffb75d35b8adba03d926475cb0bf673cb

COCOAPODS: 1.16.2
